
Microsoft Visual Studio Solution File, Format Version 12.00
# Visual Studio Version 16
VisualStudioVersion = 16.0.29728.190
MinimumVisualStudioVersion = 10.0.40219.1
Project("{9A19103F-16F7-4668-BE54-9A1E7A4F7556}") = "Linked_Data_Server", "Linked_Data_Server\Linked_Data_Server.csproj", "{EE77F49C-EEE3-4774-8189-F36C4D173857}"
EndProject
Global
	GlobalSection(SolutionConfigurationPlatforms) = preSolution
		Debug|Any CPU = Debug|Any CPU
		Release|Any CPU = Release|Any CPU
	EndGlobalSection
	GlobalSection(ProjectConfigurationPlatforms) = postSolution
		{EE77F49C-EEE3-4774-8189-F36C4D173857}.Debug|Any CPU.ActiveCfg = Debug|Any CPU
		{EE77F49C-EEE3-4774-8189-F36C4D173857}.Debug|Any CPU.Build.0 = Debug|Any CPU
		{EE77F49C-EEE3-4774-8189-F36C4D173857}.Release|Any CPU.ActiveCfg = Release|Any CPU
		{EE77F49C-EEE3-4774-8189-F36C4D173857}.Release|Any CPU.Build.0 = Release|Any CPU
	EndGlobalSection
	GlobalSection(SolutionProperties) = preSolution
		HideSolutionNode = FALSE
	EndGlobalSection
	GlobalSection(ExtensibilityGlobals) = postSolution
		SolutionGuid = {0E2E37BA-021B-4CE8-9143-1089B6C20434}
	EndGlobalSection
EndGlobal
