
Microsoft Visual Studio Solution File, Format Version 12.00
# Visual Studio Version 16
VisualStudioVersion = 16.0.30413.136
MinimumVisualStudioVersion = 10.0.40219.1
Project("{9A19103F-16F7-4668-BE54-9A1E7A4F7556}") = "Hercules.Asio.XML_RDF_Conversor", "XML_RDF_Conversor\Hercules.Asio.XML_RDF_Conversor.csproj", "{06D8CA91-8720-437C-BEFB-BF9DEC8ED2C7}"
EndProject
Project("{FAE04EC0-301F-11D3-BF4B-00C04F79EFBC}") = "XUnit_XML_RDF_Conversor", "XUnit_XML_RDF_Conversor\XUnit_XML_RDF_Conversor.csproj", "{2AA93620-716C-4CA5-874A-AB84BFE4652E}"
EndProject
Global
	GlobalSection(SolutionConfigurationPlatforms) = preSolution
		Debug|Any CPU = Debug|Any CPU
		Release|Any CPU = Release|Any CPU
	EndGlobalSection
	GlobalSection(ProjectConfigurationPlatforms) = postSolution
		{06D8CA91-8720-437C-BEFB-BF9DEC8ED2C7}.Debug|Any CPU.ActiveCfg = Debug|Any CPU
		{06D8CA91-8720-437C-BEFB-BF9DEC8ED2C7}.Debug|Any CPU.Build.0 = Debug|Any CPU
		{06D8CA91-8720-437C-BEFB-BF9DEC8ED2C7}.Release|Any CPU.ActiveCfg = Release|Any CPU
		{06D8CA91-8720-437C-BEFB-BF9DEC8ED2C7}.Release|Any CPU.Build.0 = Release|Any CPU
		{2AA93620-716C-4CA5-874A-AB84BFE4652E}.Debug|Any CPU.ActiveCfg = Debug|Any CPU
		{2AA93620-716C-4CA5-874A-AB84BFE4652E}.Debug|Any CPU.Build.0 = Debug|Any CPU
		{2AA93620-716C-4CA5-874A-AB84BFE4652E}.Release|Any CPU.ActiveCfg = Release|Any CPU
		{2AA93620-716C-4CA5-874A-AB84BFE4652E}.Release|Any CPU.Build.0 = Release|Any CPU
	EndGlobalSection
	GlobalSection(SolutionProperties) = preSolution
		HideSolutionNode = FALSE
	EndGlobalSection
	GlobalSection(ExtensibilityGlobals) = postSolution
		SolutionGuid = {47873B7E-B645-466A-A17B-540779BCED9B}
	EndGlobalSection
EndGlobal
