
Microsoft Visual Studio Solution File, Format Version 12.00
# Visual Studio Version 16
VisualStudioVersion = 16.0.29728.190
MinimumVisualStudioVersion = 10.0.40219.1
Project("{9A19103F-16F7-4668-BE54-9A1E7A4F7556}") = "GestorDocumentacion", "GestorDocumentacion\GestorDocumentacion.csproj", "{5AC5B15C-0CE2-4495-9FAE-E349209B8ED3}"
EndProject
Project("{FAE04EC0-301F-11D3-BF4B-00C04F79EFBC}") = "XUnitTestGestorDocumentacion", "XUnitTestGestorDocumentacion\XUnitTestGestorDocumentacion.csproj", "{D01DF37F-7EF5-4448-BA5E-38FE4E2A1DA1}"
EndProject
Global
	GlobalSection(SolutionConfigurationPlatforms) = preSolution
		Debug|Any CPU = Debug|Any CPU
		Release|Any CPU = Release|Any CPU
	EndGlobalSection
	GlobalSection(ProjectConfigurationPlatforms) = postSolution
		{5AC5B15C-0CE2-4495-9FAE-E349209B8ED3}.Debug|Any CPU.ActiveCfg = Debug|Any CPU
		{5AC5B15C-0CE2-4495-9FAE-E349209B8ED3}.Debug|Any CPU.Build.0 = Debug|Any CPU
		{5AC5B15C-0CE2-4495-9FAE-E349209B8ED3}.Release|Any CPU.ActiveCfg = Release|Any CPU
		{5AC5B15C-0CE2-4495-9FAE-E349209B8ED3}.Release|Any CPU.Build.0 = Release|Any CPU
		{D01DF37F-7EF5-4448-BA5E-38FE4E2A1DA1}.Debug|Any CPU.ActiveCfg = Debug|Any CPU
		{D01DF37F-7EF5-4448-BA5E-38FE4E2A1DA1}.Debug|Any CPU.Build.0 = Debug|Any CPU
		{D01DF37F-7EF5-4448-BA5E-38FE4E2A1DA1}.Release|Any CPU.ActiveCfg = Release|Any CPU
		{D01DF37F-7EF5-4448-BA5E-38FE4E2A1DA1}.Release|Any CPU.Build.0 = Release|Any CPU
	EndGlobalSection
	GlobalSection(SolutionProperties) = preSolution
		HideSolutionNode = FALSE
	EndGlobalSection
	GlobalSection(ExtensibilityGlobals) = postSolution
		SolutionGuid = {E9E630F0-901A-4E79-B52E-01680AC9045C}
	EndGlobalSection
EndGlobal
