
Microsoft Visual Studio Solution File, Format Version 12.00
# Visual Studio Version 16
VisualStudioVersion = 16.0.29728.190
MinimumVisualStudioVersion = 10.0.40219.1
Project("{9A19103F-16F7-4668-BE54-9A1E7A4F7556}") = "RepositoryConfigSolution", "RepositoryConfig\RepositoryConfigSolution.csproj", "{933EF0DA-7755-4D78-B743-C59AE2BACBB5}"
EndProject
Global
	GlobalSection(SolutionConfigurationPlatforms) = preSolution
		Debug|Any CPU = Debug|Any CPU
		Release|Any CPU = Release|Any CPU
	EndGlobalSection
	GlobalSection(ProjectConfigurationPlatforms) = postSolution
		{933EF0DA-7755-4D78-B743-C59AE2BACBB5}.Debug|Any CPU.ActiveCfg = Debug|Any CPU
		{933EF0DA-7755-4D78-B743-C59AE2BACBB5}.Debug|Any CPU.Build.0 = Debug|Any CPU
		{933EF0DA-7755-4D78-B743-C59AE2BACBB5}.Release|Any CPU.ActiveCfg = Release|Any CPU
		{933EF0DA-7755-4D78-B743-C59AE2BACBB5}.Release|Any CPU.Build.0 = Release|Any CPU
	EndGlobalSection
	GlobalSection(SolutionProperties) = preSolution
		HideSolutionNode = FALSE
	EndGlobalSection
	GlobalSection(ExtensibilityGlobals) = postSolution
		SolutionGuid = {A6C7438E-9D39-44B0-869F-F4B36B2AF65C}
	EndGlobalSection
EndGlobal
