
Microsoft Visual Studio Solution File, Format Version 12.00
# Visual Studio Version 16
VisualStudioVersion = 16.0.29728.190
MinimumVisualStudioVersion = 10.0.40219.1
Project("{FAE04EC0-301F-11D3-BF4B-00C04F79EFBC}") = "Api_Unidata", "Api_Unidata\Api_Unidata.csproj", "{5ED3C33F-5369-4BF1-B546-E5B7BC59797B}"
EndProject
Global
	GlobalSection(SolutionConfigurationPlatforms) = preSolution
		Debug|Any CPU = Debug|Any CPU
		Release|Any CPU = Release|Any CPU
	EndGlobalSection
	GlobalSection(ProjectConfigurationPlatforms) = postSolution
		{5ED3C33F-5369-4BF1-B546-E5B7BC59797B}.Debug|Any CPU.ActiveCfg = Debug|Any CPU
		{5ED3C33F-5369-4BF1-B546-E5B7BC59797B}.Debug|Any CPU.Build.0 = Debug|Any CPU
		{5ED3C33F-5369-4BF1-B546-E5B7BC59797B}.Release|Any CPU.ActiveCfg = Release|Any CPU
		{5ED3C33F-5369-4BF1-B546-E5B7BC59797B}.Release|Any CPU.Build.0 = Release|Any CPU
	EndGlobalSection
	GlobalSection(SolutionProperties) = preSolution
		HideSolutionNode = FALSE
	EndGlobalSection
	GlobalSection(ExtensibilityGlobals) = postSolution
		SolutionGuid = {4D548CBE-D66C-4508-93E3-8F1A00BB05DB}
	EndGlobalSection
EndGlobal
