
Microsoft Visual Studio Solution File, Format Version 12.00
# Visual Studio Version 16
VisualStudioVersion = 16.0.29728.190
MinimumVisualStudioVersion = 10.0.40219.1
Project("{9A19103F-16F7-4668-BE54-9A1E7A4F7556}") = "ApiCargaWebInterface", "ApiCargaWebInterface\ApiCargaWebInterface.csproj", "{7A343412-4AA6-48FB-9F5B-ABA7C0865324}"
EndProject
Project("{9A19103F-16F7-4668-BE54-9A1E7A4F7556}") = "XUnitTestIntegracion", "XUnitTestIntegracion\XUnitTestIntegracion.csproj", "{19CE9939-BA78-454F-B001-FA413199F1BD}"
EndProject
Global
	GlobalSection(SolutionConfigurationPlatforms) = preSolution
		Debug|Any CPU = Debug|Any CPU
		Release|Any CPU = Release|Any CPU
	EndGlobalSection
	GlobalSection(ProjectConfigurationPlatforms) = postSolution
		{7A343412-4AA6-48FB-9F5B-ABA7C0865324}.Debug|Any CPU.ActiveCfg = Debug|Any CPU
		{7A343412-4AA6-48FB-9F5B-ABA7C0865324}.Debug|Any CPU.Build.0 = Debug|Any CPU
		{7A343412-4AA6-48FB-9F5B-ABA7C0865324}.Release|Any CPU.ActiveCfg = Release|Any CPU
		{7A343412-4AA6-48FB-9F5B-ABA7C0865324}.Release|Any CPU.Build.0 = Release|Any CPU
		{19CE9939-BA78-454F-B001-FA413199F1BD}.Debug|Any CPU.ActiveCfg = Debug|Any CPU
		{19CE9939-BA78-454F-B001-FA413199F1BD}.Debug|Any CPU.Build.0 = Debug|Any CPU
		{19CE9939-BA78-454F-B001-FA413199F1BD}.Release|Any CPU.ActiveCfg = Release|Any CPU
		{19CE9939-BA78-454F-B001-FA413199F1BD}.Release|Any CPU.Build.0 = Release|Any CPU
	EndGlobalSection
	GlobalSection(SolutionProperties) = preSolution
		HideSolutionNode = FALSE
	EndGlobalSection
	GlobalSection(ExtensibilityGlobals) = postSolution
		SolutionGuid = {54B5315A-EA70-4088-A380-844DD22F5F5C}
	EndGlobalSection
EndGlobal
