
Microsoft Visual Studio Solution File, Format Version 12.00
# Visual Studio Version 16
VisualStudioVersion = 16.0.30907.101
MinimumVisualStudioVersion = 10.0.40219.1
Project("{9A19103F-16F7-4668-BE54-9A1E7A4F7556}") = "ApiPeliculas", "ApiPeliculas\ApiPeliculas.csproj", "{20F5A71D-33C7-4EAC-8981-DB8228617373}"
EndProject
Project("{FAE04EC0-301F-11D3-BF4B-00C04F79EFBC}") = "XUnitTestPeliculas", "XUnitTestPeliculas\XUnitTestPeliculas.csproj", "{2169DB74-126D-40A1-A278-7E59153585E7}"
EndProject
Global
	GlobalSection(SolutionConfigurationPlatforms) = preSolution
		Debug|Any CPU = Debug|Any CPU
		Release|Any CPU = Release|Any CPU
	EndGlobalSection
	GlobalSection(ProjectConfigurationPlatforms) = postSolution
		{20F5A71D-33C7-4EAC-8981-DB8228617373}.Debug|Any CPU.ActiveCfg = Debug|Any CPU
		{20F5A71D-33C7-4EAC-8981-DB8228617373}.Debug|Any CPU.Build.0 = Debug|Any CPU
		{20F5A71D-33C7-4EAC-8981-DB8228617373}.Release|Any CPU.ActiveCfg = Release|Any CPU
		{20F5A71D-33C7-4EAC-8981-DB8228617373}.Release|Any CPU.Build.0 = Release|Any CPU
		{2169DB74-126D-40A1-A278-7E59153585E7}.Debug|Any CPU.ActiveCfg = Debug|Any CPU
		{2169DB74-126D-40A1-A278-7E59153585E7}.Debug|Any CPU.Build.0 = Debug|Any CPU
		{2169DB74-126D-40A1-A278-7E59153585E7}.Release|Any CPU.ActiveCfg = Release|Any CPU
		{2169DB74-126D-40A1-A278-7E59153585E7}.Release|Any CPU.Build.0 = Release|Any CPU
	EndGlobalSection
	GlobalSection(SolutionProperties) = preSolution
		HideSolutionNode = FALSE
	EndGlobalSection
	GlobalSection(ExtensibilityGlobals) = postSolution
		SolutionGuid = {CCAAFDF9-E040-4A7E-B9EE-C310AF100052}
	EndGlobalSection
EndGlobal
